// !$*UTF8*$!
{
	archiveVersion = 1;
	classes = {
	};
	objectVersion = 50;
	objects = {

/* Begin PBXBuildFile section */
		C9EE0CBD26ED0C0E009361A6 /* AppDelegate.swift in Sources */ = {isa = PBXBuildFile; fileRef = C9EE0CBC26ED0C0E009361A6 /* AppDelegate.swift */; };
		C9EE0CBF26ED0C0E009361A6 /* SceneDelegate.swift in Sources */ = {isa = PBXBuildFile; fileRef = C9EE0CBE26ED0C0E009361A6 /* SceneDelegate.swift */; };
		C9EE0CC126ED0C0E009361A6 /* ViewController.swift in Sources */ = {isa = PBXBuildFile; fileRef = C9EE0CC026ED0C0E009361A6 /* ViewController.swift */; };
		C9EE0CC426ED0C0E009361A6 /* Main.storyboard in Resources */ = {isa = PBXBuildFile; fileRef = C9EE0CC226ED0C0E009361A6 /* Main.storyboard */; };
		C9EE0CC626ED0C10009361A6 /* Assets.xcassets in Resources */ = {isa = PBXBuildFile; fileRef = C9EE0CC526ED0C10009361A6 /* Assets.xcassets */; };
		C9EE0CC926ED0C10009361A6 /* LaunchScreen.storyboard in Resources */ = {isa = PBXBuildFile; fileRef = C9EE0CC726ED0C10009361A6 /* LaunchScreen.storyboard */; };
		C9EE0CD426ED0C10009361A6 /* khymaTests.swift in Sources */ = {isa = PBXBuildFile; fileRef = C9EE0CD326ED0C10009361A6 /* khymaTests.swift */; };
		C9EE0CDF26ED0C10009361A6 /* khymaUITests.swift in Sources */ = {isa = PBXBuildFile; fileRef = C9EE0CDE26ED0C10009361A6 /* khymaUITests.swift */; };
		C9EE0CED26ED0D04009361A6 /* khymaIcon.jpg in Resources */ = {isa = PBXBuildFile; fileRef = C9EE0CEC26ED0D04009361A6 /* khymaIcon.jpg */; };
		C9EE0CEF26ED1409009361A6 /* homeViewController.swift in Sources */ = {isa = PBXBuildFile; fileRef = C9EE0CEE26ED1409009361A6 /* homeViewController.swift */; };
		C9EE0CF126ED1681009361A6 /* homeCollectionViewCell.swift in Sources */ = {isa = PBXBuildFile; fileRef = C9EE0CF026ED1681009361A6 /* homeCollectionViewCell.swift */; };
/* End PBXBuildFile section */

/* Begin PBXContainerItemProxy section */
		C9EE0CD026ED0C10009361A6 /* PBXContainerItemProxy */ = {
			isa = PBXContainerItemProxy;
			containerPortal = C9EE0CB126ED0C0E009361A6 /* Project object */;
			proxyType = 1;
			remoteGlobalIDString = C9EE0CB826ED0C0E009361A6;
			remoteInfo = khyma;
		};
		C9EE0CDB26ED0C10009361A6 /* PBXContainerItemProxy */ = {
			isa = PBXContainerItemProxy;
			containerPortal = C9EE0CB126ED0C0E009361A6 /* Project object */;
			proxyType = 1;
			remoteGlobalIDString = C9EE0CB826ED0C0E009361A6;
			remoteInfo = khyma;
		};
/* End PBXContainerItemProxy section */

/* Begin PBXFileReference section */
		C9EE0CB926ED0C0E009361A6 /* khyma.app */ = {isa = PBXFileReference; explicitFileType = wrapper.application; includeInIndex = 0; path = khyma.app; sourceTree = BUILT_PRODUCTS_DIR; };
		C9EE0CBC26ED0C0E009361A6 /* AppDelegate.swift */ = {isa = PBXFileReference; lastKnownFileType = sourcecode.swift; path = AppDelegate.swift; sourceTree = "<group>"; };
		C9EE0CBE26ED0C0E009361A6 /* SceneDelegate.swift */ = {isa = PBXFileReference; lastKnownFileType = sourcecode.swift; path = SceneDelegate.swift; sourceTree = "<group>"; };
		C9EE0CC026ED0C0E009361A6 /* ViewController.swift */ = {isa = PBXFileReference; lastKnownFileType = sourcecode.swift; path = ViewController.swift; sourceTree = "<group>"; };
		C9EE0CC326ED0C0E009361A6 /* Base */ = {isa = PBXFileReference; lastKnownFileType = file.storyboard; name = Base; path = Base.lproj/Main.storyboard; sourceTree = "<group>"; };
		C9EE0CC526ED0C10009361A6 /* Assets.xcassets */ = {isa = PBXFileReference; lastKnownFileType = folder.assetcatalog; path = Assets.xcassets; sourceTree = "<group>"; };
		C9EE0CC826ED0C10009361A6 /* Base */ = {isa = PBXFileReference; lastKnownFileType = file.storyboard; name = Base; path = Base.lproj/LaunchScreen.storyboard; sourceTree = "<group>"; };
		C9EE0CCA26ED0C10009361A6 /* Info.plist */ = {isa = PBXFileReference; lastKnownFileType = text.plist.xml; path = Info.plist; sourceTree = "<group>"; };
		C9EE0CCF26ED0C10009361A6 /* khymaTests.xctest */ = {isa = PBXFileReference; explicitFileType = wrapper.cfbundle; includeInIndex = 0; path = khymaTests.xctest; sourceTree = BUILT_PRODUCTS_DIR; };
		C9EE0CD326ED0C10009361A6 /* khymaTests.swift */ = {isa = PBXFileReference; lastKnownFileType = sourcecode.swift; path = khymaTests.swift; sourceTree = "<group>"; };
		C9EE0CD526ED0C10009361A6 /* Info.plist */ = {isa = PBXFileReference; lastKnownFileType = text.plist.xml; path = Info.plist; sourceTree = "<group>"; };
		C9EE0CDA26ED0C10009361A6 /* khymaUITests.xctest */ = {isa = PBXFileReference; explicitFileType = wrapper.cfbundle; includeInIndex = 0; path = khymaUITests.xctest; sourceTree = BUILT_PRODUCTS_DIR; };
		C9EE0CDE26ED0C10009361A6 /* khymaUITests.swift */ = {isa = PBXFileReference; lastKnownFileType = sourcecode.swift; path = khymaUITests.swift; sourceTree = "<group>"; };
		C9EE0CE026ED0C10009361A6 /* Info.plist */ = {isa = PBXFileReference; lastKnownFileType = text.plist.xml; path = Info.plist; sourceTree = "<group>"; };
		C9EE0CEC26ED0D04009361A6 /* khymaIcon.jpg */ = {isa = PBXFileReference; lastKnownFileType = image.jpeg; path = khymaIcon.jpg; sourceTree = "<group>"; };
		C9EE0CEE26ED1409009361A6 /* homeViewController.swift */ = {isa = PBXFileReference; lastKnownFileType = sourcecode.swift; path = homeViewController.swift; sourceTree = "<group>"; };
		C9EE0CF026ED1681009361A6 /* homeCollectionViewCell.swift */ = {isa = PBXFileReference; lastKnownFileType = sourcecode.swift; path = homeCollectionViewCell.swift; sourceTree = "<group>"; };
/* End PBXFileReference section */

/* Begin PBXFrameworksBuildPhase section */
		C9EE0CB626ED0C0E009361A6 /* Frameworks */ = {
			isa = PBXFrameworksBuildPhase;
			buildActionMask = 2147483647;
			files = (
			);
			runOnlyForDeploymentPostprocessing = 0;
		};
		C9EE0CCC26ED0C10009361A6 /* Frameworks */ = {
			isa = PBXFrameworksBuildPhase;
			buildActionMask = 2147483647;
			files = (
			);
			runOnlyForDeploymentPostprocessing = 0;
		};
		C9EE0CD726ED0C10009361A6 /* Frameworks */ = {
			isa = PBXFrameworksBuildPhase;
			buildActionMask = 2147483647;
			files = (
			);
			runOnlyForDeploymentPostprocessing = 0;
		};
/* End PBXFrameworksBuildPhase section */

/* Begin PBXGroup section */
		C9EE0CB026ED0C0E009361A6 = {
			isa = PBXGroup;
			children = (
				C9EE0CBB26ED0C0E009361A6 /* khyma */,
				C9EE0CD226ED0C10009361A6 /* khymaTests */,
				C9EE0CDD26ED0C10009361A6 /* khymaUITests */,
				C9EE0CBA26ED0C0E009361A6 /* Products */,
			);
			sourceTree = "<group>";
		};
		C9EE0CBA26ED0C0E009361A6 /* Products */ = {
			isa = PBXGroup;
			children = (
				C9EE0CB926ED0C0E009361A6 /* khyma.app */,
				C9EE0CCF26ED0C10009361A6 /* khymaTests.xctest */,
				C9EE0CDA26ED0C10009361A6 /* khymaUITests.xctest */,
			);
			name = Products;
			sourceTree = "<group>";
		};
		C9EE0CBB26ED0C0E009361A6 /* khyma */ = {
			isa = PBXGroup;
			children = (
				C9EE0CBC26ED0C0E009361A6 /* AppDelegate.swift */,
				C9EE0CBE26ED0C0E009361A6 /* SceneDelegate.swift */,
				C9EE0CC026ED0C0E009361A6 /* ViewController.swift */,
				C9EE0CEE26ED1409009361A6 /* homeViewController.swift */,
				C9EE0CF026ED1681009361A6 /* homeCollectionViewCell.swift */,
				C9EE0CC226ED0C0E009361A6 /* Main.storyboard */,
				C9EE0CC526ED0C10009361A6 /* Assets.xcassets */,
				C9EE0CC726ED0C10009361A6 /* LaunchScreen.storyboard */,
				C9EE0CCA26ED0C10009361A6 /* Info.plist */,
				C9EE0CEC26ED0D04009361A6 /* khymaIcon.jpg */,
			);
			path = khyma;
			sourceTree = "<group>";
		};
		C9EE0CD226ED0C10009361A6 /* khymaTests */ = {
			isa = PBXGroup;
			children = (
				C9EE0CD326ED0C10009361A6 /* khymaTests.swift */,
				C9EE0CD526ED0C10009361A6 /* Info.plist */,
			);
			path = khymaTests;
			sourceTree = "<group>";
		};
		C9EE0CDD26ED0C10009361A6 /* khymaUITests */ = {
			isa = PBXGroup;
			children = (
				C9EE0CDE26ED0C10009361A6 /* khymaUITests.swift */,
				C9EE0CE026ED0C10009361A6 /* Info.plist */,
			);
			path = khymaUITests;
			sourceTree = "<group>";
		};
/* End PBXGroup section */

/* Begin PBXNativeTarget section */
		C9EE0CB826ED0C0E009361A6 /* khyma */ = {
			isa = PBXNativeTarget;
			buildConfigurationList = C9EE0CE326ED0C10009361A6 /* Build configuration list for PBXNativeTarget "khyma" */;
			buildPhases = (
				C9EE0CB526ED0C0E009361A6 /* Sources */,
				C9EE0CB626ED0C0E009361A6 /* Frameworks */,
				C9EE0CB726ED0C0E009361A6 /* Resources */,
			);
			buildRules = (
			);
			dependencies = (
			);
			name = khyma;
			productName = khyma;
			productReference = C9EE0CB926ED0C0E009361A6 /* khyma.app */;
			productType = "com.apple.product-type.application";
		};
		C9EE0CCE26ED0C10009361A6 /* khymaTests */ = {
			isa = PBXNativeTarget;
			buildConfigurationList = C9EE0CE626ED0C10009361A6 /* Build configuration list for PBXNativeTarget "khymaTests" */;
			buildPhases = (
				C9EE0CCB26ED0C10009361A6 /* Sources */,
				C9EE0CCC26ED0C10009361A6 /* Frameworks */,
				C9EE0CCD26ED0C10009361A6 /* Resources */,
			);
			buildRules = (
			);
			dependencies = (
				C9EE0CD126ED0C10009361A6 /* PBXTargetDependency */,
			);
			name = khymaTests;
			productName = khymaTests;
			productReference = C9EE0CCF26ED0C10009361A6 /* khymaTests.xctest */;
			productType = "com.apple.product-type.bundle.unit-test";
		};
		C9EE0CD926ED0C10009361A6 /* khymaUITests */ = {
			isa = PBXNativeTarget;
			buildConfigurationList = C9EE0CE926ED0C10009361A6 /* Build configuration list for PBXNativeTarget "khymaUITests" */;
			buildPhases = (
				C9EE0CD626ED0C10009361A6 /* Sources */,
				C9EE0CD726ED0C10009361A6 /* Frameworks */,
				C9EE0CD826ED0C10009361A6 /* Resources */,
			);
			buildRules = (
			);
			dependencies = (
				C9EE0CDC26ED0C10009361A6 /* PBXTargetDependency */,
			);
			name = khymaUITests;
			productName = khymaUITests;
			productReference = C9EE0CDA26ED0C10009361A6 /* khymaUITests.xctest */;
			productType = "com.apple.product-type.bundle.ui-testing";
		};
/* End PBXNativeTarget section */

/* Begin PBXProject section */
		C9EE0CB126ED0C0E009361A6 /* Project object */ = {
			isa = PBXProject;
			attributes = {
				LastSwiftUpdateCheck = 1250;
				LastUpgradeCheck = 1250;
				TargetAttributes = {
					C9EE0CB826ED0C0E009361A6 = {
						CreatedOnToolsVersion = 12.5.1;
					};
					C9EE0CCE26ED0C10009361A6 = {
						CreatedOnToolsVersion = 12.5.1;
						TestTargetID = C9EE0CB826ED0C0E009361A6;
					};
					C9EE0CD926ED0C10009361A6 = {
						CreatedOnToolsVersion = 12.5.1;
						TestTargetID = C9EE0CB826ED0C0E009361A6;
					};
				};
			};
			buildConfigurationList = C9EE0CB426ED0C0E009361A6 /* Build configuration list for PBXProject "khyma" */;
			compatibilityVersion = "Xcode 9.3";
			developmentRegion = en;
			hasScannedForEncodings = 0;
			knownRegions = (
				en,
				Base,
			);
			mainGroup = C9EE0CB026ED0C0E009361A6;
			productRefGroup = C9EE0CBA26ED0C0E009361A6 /* Products */;
			projectDirPath = "";
			projectRoot = "";
			targets = (
				C9EE0CB826ED0C0E009361A6 /* khyma */,
				C9EE0CCE26ED0C10009361A6 /* khymaTests */,
				C9EE0CD926ED0C10009361A6 /* khymaUITests */,
			);
		};
/* End PBXProject section */

/* Begin PBXResourcesBuildPhase section */
		C9EE0CB726ED0C0E009361A6 /* Resources */ = {
			isa = PBXResourcesBuildPhase;
			buildActionMask = 2147483647;
			files = (
				C9EE0CC926ED0C10009361A6 /* LaunchScreen.storyboard in Resources */,
				C9EE0CC626ED0C10009361A6 /* Assets.xcassets in Resources */,
				C9EE0CC426ED0C0E009361A6 /* Main.storyboard in Resources */,
				C9EE0CED26ED0D04009361A6 /* khymaIcon.jpg in Resources */,
			);
			runOnlyForDeploymentPostprocessing = 0;
		};
		C9EE0CCD26ED0C10009361A6 /* Resources */ = {
			isa = PBXResourcesBuildPhase;
			buildActionMask = 2147483647;
			files = (
			);
			runOnlyForDeploymentPostprocessing = 0;
		};
		C9EE0CD826ED0C10009361A6 /* Resources */ = {
			isa = PBXResourcesBuildPhase;
			buildActionMask = 2147483647;
			files = (
			);
			runOnlyForDeploymentPostprocessing = 0;
		};
/* End PBXResourcesBuildPhase section */

/* Begin PBXSourcesBuildPhase section */
		C9EE0CB526ED0C0E009361A6 /* Sources */ = {
			isa = PBXSourcesBuildPhase;
			buildActionMask = 2147483647;
			files = (
				C9EE0CC126ED0C0E009361A6 /* ViewController.swift in Sources */,
				C9EE0CBD26ED0C0E009361A6 /* AppDelegate.swift in Sources */,
				C9EE0CBF26ED0C0E009361A6 /* SceneDelegate.swift in Sources */,
				C9EE0CF126ED1681009361A6 /* homeCollectionViewCell.swift in Sources */,
				C9EE0CEF26ED1409009361A6 /* homeViewController.swift in Sources */,
			);
			runOnlyForDeploymentPostprocessing = 0;
		};
		C9EE0CCB26ED0C10009361A6 /* Sources */ = {
			isa = PBXSourcesBuildPhase;
			buildActionMask = 2147483647;
			files = (
				C9EE0CD426ED0C10009361A6 /* khymaTests.swift in Sources */,
			);
			runOnlyForDeploymentPostprocessing = 0;
		};
		C9EE0CD626ED0C10009361A6 /* Sources */ = {
			isa = PBXSourcesBuildPhase;
			buildActionMask = 2147483647;
			files = (
				C9EE0CDF26ED0C10009361A6 /* khymaUITests.swift in Sources */,
			);
			runOnlyForDeploymentPostprocessing = 0;
		};
/* End PBXSourcesBuildPhase section */

/* Begin PBXTargetDependency section */
		C9EE0CD126ED0C10009361A6 /* PBXTargetDependency */ = {
			isa = PBXTargetDependency;
			target = C9EE0CB826ED0C0E009361A6 /* khyma */;
			targetProxy = C9EE0CD026ED0C10009361A6 /* PBXContainerItemProxy */;
		};
		C9EE0CDC26ED0C10009361A6 /* PBXTargetDependency */ = {
			isa = PBXTargetDependency;
			target = C9EE0CB826ED0C0E009361A6 /* khyma */;
			targetProxy = C9EE0CDB26ED0C10009361A6 /* PBXContainerItemProxy */;
		};
/* End PBXTargetDependency section */

/* Begin PBXVariantGroup section */
		C9EE0CC226ED0C0E009361A6 /* Main.storyboard */ = {
			isa = PBXVariantGroup;
			children = (
				C9EE0CC326ED0C0E009361A6 /* Base */,
			);
			name = Main.storyboard;
			sourceTree = "<group>";
		};
		C9EE0CC726ED0C10009361A6 /* LaunchScreen.storyboard */ = {
			isa = PBXVariantGroup;
			children = (
				C9EE0CC826ED0C10009361A6 /* Base */,
			);
			name = LaunchScreen.storyboard;
			sourceTree = "<group>";
		};
/* End PBXVariantGroup section */

/* Begin XCBuildConfiguration section */
		C9EE0CE126ED0C10009361A6 /* Debug */ = {
			isa = XCBuildConfiguration;
			buildSettings = {
				ALWAYS_SEARCH_USER_PATHS = NO;
				CLANG_ANALYZER_NONNULL = YES;
				CLANG_ANALYZER_NUMBER_OBJECT_CONVERSION = YES_AGGRESSIVE;
				CLANG_CXX_LANGUAGE_STANDARD = "gnu++14";
				CLANG_CXX_LIBRARY = "libc++";
				CLANG_ENABLE_MODULES = YES;
				CLANG_ENABLE_OBJC_ARC = YES;
				CLANG_ENABLE_OBJC_WEAK = YES;
				CLANG_WARN_BLOCK_CAPTURE_AUTORELEASING = YES;
				CLANG_WARN_BOOL_CONVERSION = YES;
				CLANG_WARN_COMMA = YES;
				CLANG_WARN_CONSTANT_CONVERSION = YES;
				CLANG_WARN_DEPRECATED_OBJC_IMPLEMENTATIONS = YES;
				CLANG_WARN_DIRECT_OBJC_ISA_USAGE = YES_ERROR;
				CLANG_WARN_DOCUMENTATION_COMMENTS = YES;
				CLANG_WARN_EMPTY_BODY = YES;
				CLANG_WARN_ENUM_CONVERSION = YES;
				CLANG_WARN_INFINITE_RECURSION = YES;
				CLANG_WARN_INT_CONVERSION = YES;
				CLANG_WARN_NON_LITERAL_NULL_CONVERSION = YES;
				CLANG_WARN_OBJC_IMPLICIT_RETAIN_SELF = YES;
				CLANG_WARN_OBJC_LITERAL_CONVERSION = YES;
				CLANG_WARN_OBJC_ROOT_CLASS = YES_ERROR;
				CLANG_WARN_QUOTED_INCLUDE_IN_FRAMEWORK_HEADER = YES;
				CLANG_WARN_RANGE_LOOP_ANALYSIS = YES;
				CLANG_WARN_STRICT_PROTOTYPES = YES;
				CLANG_WARN_SUSPICIOUS_MOVE = YES;
				CLANG_WARN_UNGUARDED_AVAILABILITY = YES_AGGRESSIVE;
				CLANG_WARN_UNREACHABLE_CODE = YES;
				CLANG_WARN__DUPLICATE_METHOD_MATCH = YES;
				COPY_PHASE_STRIP = NO;
				DEBUG_INFORMATION_FORMAT = dwarf;
				ENABLE_STRICT_OBJC_MSGSEND = YES;
				ENABLE_TESTABILITY = YES;
				GCC_C_LANGUAGE_STANDARD = gnu11;
				GCC_DYNAMIC_NO_PIC = NO;
				GCC_NO_COMMON_BLOCKS = YES;
				GCC_OPTIMIZATION_LEVEL = 0;
				GCC_PREPROCESSOR_DEFINITIONS = (
					"DEBUG=1",
					"$(inherited)",
				);
				GCC_WARN_64_TO_32_BIT_CONVERSION = YES;
				GCC_WARN_ABOUT_RETURN_TYPE = YES_ERROR;
				GCC_WARN_UNDECLARED_SELECTOR = YES;
				GCC_WARN_UNINITIALIZED_AUTOS = YES_AGGRESSIVE;
				GCC_WARN_UNUSED_FUNCTION = YES;
				GCC_WARN_UNUSED_VARIABLE = YES;
				IPHONEOS_DEPLOYMENT_TARGET = 14.5;
				MTL_ENABLE_DEBUG_INFO = INCLUDE_SOURCE;
				MTL_FAST_MATH = YES;
				ONLY_ACTIVE_ARCH = YES;
				SDKROOT = iphoneos;
				SWIFT_ACTIVE_COMPILATION_CONDITIONS = DEBUG;
				SWIFT_OPTIMIZATION_LEVEL = "-Onone";
			};
			name = Debug;
		};
		C9EE0CE226ED0C10009361A6 /* Release */ = {
			isa = XCBuildConfiguration;
			buildSettings = {
				ALWAYS_SEARCH_USER_PATHS = NO;
				CLANG_ANALYZER_NONNULL = YES;
				CLANG_ANALYZER_NUMBER_OBJECT_CONVERSION = YES_AGGRESSIVE;
				CLANG_CXX_LANGUAGE_STANDARD = "gnu++14";
				CLANG_CXX_LIBRARY = "libc++";
				CLANG_ENABLE_MODULES = YES;
				CLANG_ENABLE_OBJC_ARC = YES;
				CLANG_ENABLE_OBJC_WEAK = YES;
				CLANG_WARN_BLOCK_CAPTURE_AUTORELEASING = YES;
				CLANG_WARN_BOOL_CONVERSION = YES;
				CLANG_WARN_COMMA = YES;
				CLANG_WARN_CONSTANT_CONVERSION = YES;
				CLANG_WARN_DEPRECATED_OBJC_IMPLEMENTATIONS = YES;
				CLANG_WARN_DIRECT_OBJC_ISA_USAGE = YES_ERROR;
				CLANG_WARN_DOCUMENTATION_COMMENTS = YES;
				CLANG_WARN_EMPTY_BODY = YES;
				CLANG_WARN_ENUM_CONVERSION = YES;
				CLANG_WARN_INFINITE_RECURSION = YES;
				CLANG_WARN_INT_CONVERSION = YES;
				CLANG_WARN_NON_LITERAL_NULL_CONVERSION = YES;
				CLANG_WARN_OBJC_IMPLICIT_RETAIN_SELF = YES;
				CLANG_WARN_OBJC_LITERAL_CONVERSION = YES;
				CLANG_WARN_OBJC_ROOT_CLASS = YES_ERROR;
				CLANG_WARN_QUOTED_INCLUDE_IN_FRAMEWORK_HEADER = YES;
				CLANG_WARN_RANGE_LOOP_ANALYSIS = YES;
				CLANG_WARN_STRICT_PROTOTYPES = YES;
				CLANG_WARN_SUSPICIOUS_MOVE = YES;
				CLANG_WARN_UNGUARDED_AVAILABILITY = YES_AGGRESSIVE;
				CLANG_WARN_UNREACHABLE_CODE = YES;
				CLANG_WARN__DUPLICATE_METHOD_MATCH = YES;
				COPY_PHASE_STRIP = NO;
				DEBUG_INFORMATION_FORMAT = "dwarf-with-dsym";
				ENABLE_NS_ASSERTIONS = NO;
				ENABLE_STRICT_OBJC_MSGSEND = YES;
				GCC_C_LANGUAGE_STANDARD = gnu11;
				GCC_NO_COMMON_BLOCKS = YES;
				GCC_WARN_64_TO_32_BIT_CONVERSION = YES;
				GCC_WARN_ABOUT_RETURN_TYPE = YES_ERROR;
				GCC_WARN_UNDECLARED_SELECTOR = YES;
				GCC_WARN_UNINITIALIZED_AUTOS = YES_AGGRESSIVE;
				GCC_WARN_UNUSED_FUNCTION = YES;
				GCC_WARN_UNUSED_VARIABLE = YES;
				IPHONEOS_DEPLOYMENT_TARGET = 14.5;
				MTL_ENABLE_DEBUG_INFO = NO;
				MTL_FAST_MATH = YES;
				SDKROOT = iphoneos;
				SWIFT_COMPILATION_MODE = wholemodule;
				SWIFT_OPTIMIZATION_LEVEL = "-O";
				VALIDATE_PRODUCT = YES;
			};
			name = Release;
		};
		C9EE0CE426ED0C10009361A6 /* Debug */ = {
			isa = XCBuildConfiguration;
			buildSettings = {
				ASSETCATALOG_COMPILER_APPICON_NAME = AppIcon;
				ASSETCATALOG_COMPILER_GLOBAL_ACCENT_COLOR_NAME = AccentColor;
				CODE_SIGN_STYLE = Automatic;
				DEVELOPMENT_TEAM = 9NBG9HL25L;
				INFOPLIST_FILE = khyma/Info.plist;
				LD_RUNPATH_SEARCH_PATHS = (
					"$(inherited)",
					"@executable_path/Frameworks",
				);
				PRODUCT_BUNDLE_IDENTIFIER = com.hwaya.khyma;
				PRODUCT_NAME = "$(TARGET_NAME)";
				SWIFT_VERSION = 5.0;
				TARGETED_DEVICE_FAMILY = "1,2";
			};
			name = Debug;
		};
		C9EE0CE526ED0C10009361A6 /* Release */ = {
			isa = XCBuildConfiguration;
			buildSettings = {
				ASSETCATALOG_COMPILER_APPICON_NAME = AppIcon;
				ASSETCATALOG_COMPILER_GLOBAL_ACCENT_COLOR_NAME = AccentColor;
				CODE_SIGN_STYLE = Automatic;
				DEVELOPMENT_TEAM = 9NBG9HL25L;
				INFOPLIST_FILE = khyma/Info.plist;
				LD_RUNPATH_SEARCH_PATHS = (
					"$(inherited)",
					"@executable_path/Frameworks",
				);
				PRODUCT_BUNDLE_IDENTIFIER = com.hwaya.khyma;
				PRODUCT_NAME = "$(TARGET_NAME)";
				SWIFT_VERSION = 5.0;
				TARGETED_DEVICE_FAMILY = "1,2";
			};
			name = Release;
		};
		C9EE0CE726ED0C10009361A6 /* Debug */ = {
			isa = XCBuildConfiguration;
			buildSettings = {
				ALWAYS_EMBED_SWIFT_STANDARD_LIBRARIES = YES;
				BUNDLE_LOADER = "$(TEST_HOST)";
				CODE_SIGN_STYLE = Automatic;
				DEVELOPMENT_TEAM = 9NBG9HL25L;
				INFOPLIST_FILE = khymaTests/Info.plist;
				IPHONEOS_DEPLOYMENT_TARGET = 14.5;
				LD_RUNPATH_SEARCH_PATHS = (
					"$(inherited)",
					"@executable_path/Frameworks",
					"@loader_path/Frameworks",
				);
				PRODUCT_BUNDLE_IDENTIFIER = com.hwaya.khymaTests;
				PRODUCT_NAME = "$(TARGET_NAME)";
				SWIFT_VERSION = 5.0;
				TARGETED_DEVICE_FAMILY = "1,2";
				TEST_HOST = "$(BUILT_PRODUCTS_DIR)/khyma.app/khyma";
			};
			name = Debug;
		};
		C9EE0CE826ED0C10009361A6 /* Release */ = {
			isa = XCBuildConfiguration;
			buildSettings = {
				ALWAYS_EMBED_SWIFT_STANDARD_LIBRARIES = YES;
				BUNDLE_LOADER = "$(TEST_HOST)";
				CODE_SIGN_STYLE = Automatic;
				DEVELOPMENT_TEAM = 9NBG9HL25L;
				INFOPLIST_FILE = khymaTests/Info.plist;
				IPHONEOS_DEPLOYMENT_TARGET = 14.5;
				LD_RUNPATH_SEARCH_PATHS = (
					"$(inherited)",
					"@executable_path/Frameworks",
					"@loader_path/Frameworks",
				);
				PRODUCT_BUNDLE_IDENTIFIER = com.hwaya.khymaTests;
				PRODUCT_NAME = "$(TARGET_NAME)";
				SWIFT_VERSION = 5.0;
				TARGETED_DEVICE_FAMILY = "1,2";
				TEST_HOST = "$(BUILT_PRODUCTS_DIR)/khyma.app/khyma";
			};
			name = Release;
		};
		C9EE0CEA26ED0C10009361A6 /* Debug */ = {
			isa = XCBuildConfiguration;
			buildSettings = {
				ALWAYS_EMBED_SWIFT_STANDARD_LIBRARIES = YES;
				CODE_SIGN_STYLE = Automatic;
				DEVELOPMENT_TEAM = 9NBG9HL25L;
				INFOPLIST_FILE = khymaUITests/Info.plist;
				LD_RUNPATH_SEARCH_PATHS = (
					"$(inherited)",
					"@executable_path/Frameworks",
					"@loader_path/Frameworks",
				);
				PRODUCT_BUNDLE_IDENTIFIER = com.hwaya.khymaUITests;
				PRODUCT_NAME = "$(TARGET_NAME)";
				SWIFT_VERSION = 5.0;
				TARGETED_DEVICE_FAMILY = "1,2";
				TEST_TARGET_NAME = khyma;
			};
			name = Debug;
		};
		C9EE0CEB26ED0C10009361A6 /* Release */ = {
			isa = XCBuildConfiguration;
			buildSettings = {
				ALWAYS_EMBED_SWIFT_STANDARD_LIBRARIES = YES;
				CODE_SIGN_STYLE = Automatic;
				DEVELOPMENT_TEAM = 9NBG9HL25L;
				INFOPLIST_FILE = khymaUITests/Info.plist;
				LD_RUNPATH_SEARCH_PATHS = (
					"$(inherited)",
					"@executable_path/Frameworks",
					"@loader_path/Frameworks",
				);
				PRODUCT_BUNDLE_IDENTIFIER = com.hwaya.khymaUITests;
				PRODUCT_NAME = "$(TARGET_NAME)";
				SWIFT_VERSION = 5.0;
				TARGETED_DEVICE_FAMILY = "1,2";
				TEST_TARGET_NAME = khyma;
			};
			name = Release;
		};
/* End XCBuildConfiguration section */

/* Begin XCConfigurationList section */
		C9EE0CB426ED0C0E009361A6 /* Build configuration list for PBXProject "khyma" */ = {
			isa = XCConfigurationList;
			buildConfigurations = (
				C9EE0CE126ED0C10009361A6 /* Debug */,
				C9EE0CE226ED0C10009361A6 /* Release */,
			);
			defaultConfigurationIsVisible = 0;
			defaultConfigurationName = Release;
		};
		C9EE0CE326ED0C10009361A6 /* Build configuration list for PBXNativeTarget "khyma" */ = {
			isa = XCConfigurationList;
			buildConfigurations = (
				C9EE0CE426ED0C10009361A6 /* Debug */,
				C9EE0CE526ED0C10009361A6 /* Release */,
			);
			defaultConfigurationIsVisible = 0;
			defaultConfigurationName = Release;
		};
		C9EE0CE626ED0C10009361A6 /* Build configuration list for PBXNativeTarget "khymaTests" */ = {
			isa = XCConfigurationList;
			buildConfigurations = (
				C9EE0CE726ED0C10009361A6 /* Debug */,
				C9EE0CE826ED0C10009361A6 /* Release */,
			);
			defaultConfigurationIsVisible = 0;
			defaultConfigurationName = Release;
		};
		C9EE0CE926ED0C10009361A6 /* Build configuration list for PBXNativeTarget "khymaUITests" */ = {
			isa = XCConfigurationList;
			buildConfigurations = (
				C9EE0CEA26ED0C10009361A6 /* Debug */,
				C9EE0CEB26ED0C10009361A6 /* Release */,
			);
			defaultConfigurationIsVisible = 0;
			defaultConfigurationName = Release;
		};
/* End XCConfigurationList section */
	};
	rootObject = C9EE0CB126ED0C0E009361A6 /* Project object */;
}
